
Microsoft Visual Studio Solution File, Format Version 12.00
# Visual Studio Version 17
VisualStudioVersion = 17.10.35013.160
MinimumVisualStudioVersion = 10.0.40219.1
Project("{FAE04EC0-301F-11D3-BF4B-00C04F79EFBC}") = "Hastahane Yönetim ve Randevu Paneli", "Hastahane Yönetim ve Randevu Paneli.csproj", "{342D70E7-CB7E-4C54-8468-2068CEF81AEA}"
EndProject
Global
	GlobalSection(SolutionConfigurationPlatforms) = preSolution
		Debug|Any CPU = Debug|Any CPU
		Release|Any CPU = Release|Any CPU
	EndGlobalSection
	GlobalSection(ProjectConfigurationPlatforms) = postSolution
		{342D70E7-CB7E-4C54-8468-2068CEF81AEA}.Debug|Any CPU.ActiveCfg = Debug|Any CPU
		{342D70E7-CB7E-4C54-8468-2068CEF81AEA}.Debug|Any CPU.Build.0 = Debug|Any CPU
		{342D70E7-CB7E-4C54-8468-2068CEF81AEA}.Release|Any CPU.ActiveCfg = Release|Any CPU
		{342D70E7-CB7E-4C54-8468-2068CEF81AEA}.Release|Any CPU.Build.0 = Release|Any CPU
	EndGlobalSection
	GlobalSection(SolutionProperties) = preSolution
		HideSolutionNode = FALSE
	EndGlobalSection
	GlobalSection(ExtensibilityGlobals) = postSolution
		SolutionGuid = {F9980B27-D382-4654-8548-C59BAE84A0F3}
	EndGlobalSection
EndGlobal
